
Microsoft Visual Studio Solution File, Format Version 12.00
# Visual Studio Version 17
VisualStudioVersion = 17.0.31919.166
MinimumVisualStudioVersion = 10.0.40219.1
Project("{2150E333-8FDC-42A3-9474-1A3956D46DE8}") = "Services", "Services", "{F15D5C14-4A48-452D-94E2-86A39A1F8E44}"
EndProject
Project("{2150E333-8FDC-42A3-9474-1A3956D46DE8}") = "Catalog", "Catalog", "{DB47C7B0-9DC2-4656-9864-AB24B7E5FD0D}"
EndProject
Project("{9A19103F-16F7-4668-BE54-9A1E7A4F7556}") = "CourseShop.Services.Catalog", "Services\Catalog\CourseShop.Services.Catalog\CourseShop.Services.Catalog.csproj", "{BEED8AA1-CBD6-40AB-BD11-E2E6426A73B3}"
EndProject
Project("{2150E333-8FDC-42A3-9474-1A3956D46DE8}") = "Shared", "Shared", "{EB287BB9-B24B-4254-B555-202E3F0E2433}"
EndProject
Project("{9A19103F-16F7-4668-BE54-9A1E7A4F7556}") = "CourseShop.Shared", "Shared\CourseShop.Shared\CourseShop.Shared.csproj", "{696A0A66-3A55-428B-B00B-CDD82A4C4B05}"
EndProject
Project("{9A19103F-16F7-4668-BE54-9A1E7A4F7556}") = "CourseShop.IdentityServer", "IdentityServer\CourseShop.IdentityServer\CourseShop.IdentityServer.csproj", "{69AF8E12-3FE1-46DE-A4E8-739BC488E4F0}"
EndProject
Project("{2150E333-8FDC-42A3-9474-1A3956D46DE8}") = "IdentityServer", "IdentityServer", "{EE04D69C-9306-42E0-9461-5EEC658B74F0}"
EndProject
Project("{2150E333-8FDC-42A3-9474-1A3956D46DE8}") = "PhotoStock", "PhotoStock", "{C7708FAD-DF99-42C2-A631-A8AB0B7ED061}"
EndProject
Project("{FAE04EC0-301F-11D3-BF4B-00C04F79EFBC}") = "CourseShop.Services.PhotoStock", "Services\PhotoStock\CourseShop.Services.PhotoStock\CourseShop.Services.PhotoStock.csproj", "{A7AD365E-989F-4670-B197-3F0F7320174B}"
EndProject
Project("{2150E333-8FDC-42A3-9474-1A3956D46DE8}") = "Basket", "Basket", "{C63B0DBD-8B29-48A8-BA44-2A2E97A23301}"
EndProject
Project("{FAE04EC0-301F-11D3-BF4B-00C04F79EFBC}") = "CourseShop.Services.Basket", "Services\Basket\CourseShop.Services.Basket\CourseShop.Services.Basket.csproj", "{848B49B2-9454-4695-8AD9-E482457A30C8}"
EndProject
Project("{2150E333-8FDC-42A3-9474-1A3956D46DE8}") = "Discount", "Discount", "{3CF02116-7E84-49B8-879B-33CEF694603E}"
EndProject
Project("{FAE04EC0-301F-11D3-BF4B-00C04F79EFBC}") = "CourseShop.Services.Discount", "Services\Discount\CourseShop.Services.Discount\CourseShop.Services.Discount.csproj", "{6B7CF9FB-8B3D-40A1-9B1F-F412FA0BADDB}"
EndProject
Project("{2150E333-8FDC-42A3-9474-1A3956D46DE8}") = "Order", "Order", "{199EB299-00E0-4573-BF1E-8C707C36D0CB}"
EndProject
Project("{FAE04EC0-301F-11D3-BF4B-00C04F79EFBC}") = "CourseShop.Services.Order.API", "Services\Order\CourseShop.Services.Order.API\CourseShop.Services.Order.API.csproj", "{5225400B-B7C1-4E32-A6D6-4D39D21220E7}"
EndProject
Project("{FAE04EC0-301F-11D3-BF4B-00C04F79EFBC}") = "CourseShop.Services.Order.Application", "Services\Order\CourseShop.Services.Order.Application\CourseShop.Services.Order.Application.csproj", "{C4EA5C96-0DBD-499E-B441-4E141C67D1C2}"
EndProject
Project("{FAE04EC0-301F-11D3-BF4B-00C04F79EFBC}") = "CourseShop.Services.Order.Domain", "Services\Order\CourseShop.Services.Order.Domain\CourseShop.Services.Order.Domain.csproj", "{C49A71AA-6B49-4F24-9C87-3462F9F2039E}"
EndProject
Project("{FAE04EC0-301F-11D3-BF4B-00C04F79EFBC}") = "CourseShop.Services.Order.Domain.Core", "Services\Order\CourseShop.Services.Order.Domain.Core\CourseShop.Services.Order.Domain.Core.csproj", "{3B9E02F5-8725-4523-BAAE-B55DF8610C39}"
EndProject
Project("{FAE04EC0-301F-11D3-BF4B-00C04F79EFBC}") = "CourseShop.Services.Order.Infrastructure", "Services\Order\CourseShop.Services.Order.Infrastructure\CourseShop.Services.Order.Infrastructure.csproj", "{3217F84C-1FFE-412A-963F-9962B8EB5D21}"
EndProject
Global
	GlobalSection(SolutionConfigurationPlatforms) = preSolution
		Debug|Any CPU = Debug|Any CPU
		Release|Any CPU = Release|Any CPU
	EndGlobalSection
	GlobalSection(ProjectConfigurationPlatforms) = postSolution
		{BEED8AA1-CBD6-40AB-BD11-E2E6426A73B3}.Debug|Any CPU.ActiveCfg = Debug|Any CPU
		{BEED8AA1-CBD6-40AB-BD11-E2E6426A73B3}.Debug|Any CPU.Build.0 = Debug|Any CPU
		{BEED8AA1-CBD6-40AB-BD11-E2E6426A73B3}.Release|Any CPU.ActiveCfg = Release|Any CPU
		{BEED8AA1-CBD6-40AB-BD11-E2E6426A73B3}.Release|Any CPU.Build.0 = Release|Any CPU
		{696A0A66-3A55-428B-B00B-CDD82A4C4B05}.Debug|Any CPU.ActiveCfg = Debug|Any CPU
		{696A0A66-3A55-428B-B00B-CDD82A4C4B05}.Debug|Any CPU.Build.0 = Debug|Any CPU
		{696A0A66-3A55-428B-B00B-CDD82A4C4B05}.Release|Any CPU.ActiveCfg = Release|Any CPU
		{696A0A66-3A55-428B-B00B-CDD82A4C4B05}.Release|Any CPU.Build.0 = Release|Any CPU
		{69AF8E12-3FE1-46DE-A4E8-739BC488E4F0}.Debug|Any CPU.ActiveCfg = Debug|Any CPU
		{69AF8E12-3FE1-46DE-A4E8-739BC488E4F0}.Debug|Any CPU.Build.0 = Debug|Any CPU
		{69AF8E12-3FE1-46DE-A4E8-739BC488E4F0}.Release|Any CPU.ActiveCfg = Release|Any CPU
		{69AF8E12-3FE1-46DE-A4E8-739BC488E4F0}.Release|Any CPU.Build.0 = Release|Any CPU
		{A7AD365E-989F-4670-B197-3F0F7320174B}.Debug|Any CPU.ActiveCfg = Debug|Any CPU
		{A7AD365E-989F-4670-B197-3F0F7320174B}.Debug|Any CPU.Build.0 = Debug|Any CPU
		{A7AD365E-989F-4670-B197-3F0F7320174B}.Release|Any CPU.ActiveCfg = Release|Any CPU
		{A7AD365E-989F-4670-B197-3F0F7320174B}.Release|Any CPU.Build.0 = Release|Any CPU
		{848B49B2-9454-4695-8AD9-E482457A30C8}.Debug|Any CPU.ActiveCfg = Debug|Any CPU
		{848B49B2-9454-4695-8AD9-E482457A30C8}.Debug|Any CPU.Build.0 = Debug|Any CPU
		{848B49B2-9454-4695-8AD9-E482457A30C8}.Release|Any CPU.ActiveCfg = Release|Any CPU
		{848B49B2-9454-4695-8AD9-E482457A30C8}.Release|Any CPU.Build.0 = Release|Any CPU
		{6B7CF9FB-8B3D-40A1-9B1F-F412FA0BADDB}.Debug|Any CPU.ActiveCfg = Debug|Any CPU
		{6B7CF9FB-8B3D-40A1-9B1F-F412FA0BADDB}.Debug|Any CPU.Build.0 = Debug|Any CPU
		{6B7CF9FB-8B3D-40A1-9B1F-F412FA0BADDB}.Release|Any CPU.ActiveCfg = Release|Any CPU
		{6B7CF9FB-8B3D-40A1-9B1F-F412FA0BADDB}.Release|Any CPU.Build.0 = Release|Any CPU
		{5225400B-B7C1-4E32-A6D6-4D39D21220E7}.Debug|Any CPU.ActiveCfg = Debug|Any CPU
		{5225400B-B7C1-4E32-A6D6-4D39D21220E7}.Debug|Any CPU.Build.0 = Debug|Any CPU
		{5225400B-B7C1-4E32-A6D6-4D39D21220E7}.Release|Any CPU.ActiveCfg = Release|Any CPU
		{5225400B-B7C1-4E32-A6D6-4D39D21220E7}.Release|Any CPU.Build.0 = Release|Any CPU
		{C4EA5C96-0DBD-499E-B441-4E141C67D1C2}.Debug|Any CPU.ActiveCfg = Debug|Any CPU
		{C4EA5C96-0DBD-499E-B441-4E141C67D1C2}.Debug|Any CPU.Build.0 = Debug|Any CPU
		{C4EA5C96-0DBD-499E-B441-4E141C67D1C2}.Release|Any CPU.ActiveCfg = Release|Any CPU
		{C4EA5C96-0DBD-499E-B441-4E141C67D1C2}.Release|Any CPU.Build.0 = Release|Any CPU
		{C49A71AA-6B49-4F24-9C87-3462F9F2039E}.Debug|Any CPU.ActiveCfg = Debug|Any CPU
		{C49A71AA-6B49-4F24-9C87-3462F9F2039E}.Debug|Any CPU.Build.0 = Debug|Any CPU
		{C49A71AA-6B49-4F24-9C87-3462F9F2039E}.Release|Any CPU.ActiveCfg = Release|Any CPU
		{C49A71AA-6B49-4F24-9C87-3462F9F2039E}.Release|Any CPU.Build.0 = Release|Any CPU
		{3B9E02F5-8725-4523-BAAE-B55DF8610C39}.Debug|Any CPU.ActiveCfg = Debug|Any CPU
		{3B9E02F5-8725-4523-BAAE-B55DF8610C39}.Debug|Any CPU.Build.0 = Debug|Any CPU
		{3B9E02F5-8725-4523-BAAE-B55DF8610C39}.Release|Any CPU.ActiveCfg = Release|Any CPU
		{3B9E02F5-8725-4523-BAAE-B55DF8610C39}.Release|Any CPU.Build.0 = Release|Any CPU
		{3217F84C-1FFE-412A-963F-9962B8EB5D21}.Debug|Any CPU.ActiveCfg = Debug|Any CPU
		{3217F84C-1FFE-412A-963F-9962B8EB5D21}.Debug|Any CPU.Build.0 = Debug|Any CPU
		{3217F84C-1FFE-412A-963F-9962B8EB5D21}.Release|Any CPU.ActiveCfg = Release|Any CPU
		{3217F84C-1FFE-412A-963F-9962B8EB5D21}.Release|Any CPU.Build.0 = Release|Any CPU
	EndGlobalSection
	GlobalSection(SolutionProperties) = preSolution
		HideSolutionNode = FALSE
	EndGlobalSection
	GlobalSection(NestedProjects) = preSolution
		{DB47C7B0-9DC2-4656-9864-AB24B7E5FD0D} = {F15D5C14-4A48-452D-94E2-86A39A1F8E44}
		{BEED8AA1-CBD6-40AB-BD11-E2E6426A73B3} = {DB47C7B0-9DC2-4656-9864-AB24B7E5FD0D}
		{696A0A66-3A55-428B-B00B-CDD82A4C4B05} = {EB287BB9-B24B-4254-B555-202E3F0E2433}
		{69AF8E12-3FE1-46DE-A4E8-739BC488E4F0} = {EE04D69C-9306-42E0-9461-5EEC658B74F0}
		{C7708FAD-DF99-42C2-A631-A8AB0B7ED061} = {F15D5C14-4A48-452D-94E2-86A39A1F8E44}
		{A7AD365E-989F-4670-B197-3F0F7320174B} = {C7708FAD-DF99-42C2-A631-A8AB0B7ED061}
		{C63B0DBD-8B29-48A8-BA44-2A2E97A23301} = {F15D5C14-4A48-452D-94E2-86A39A1F8E44}
		{848B49B2-9454-4695-8AD9-E482457A30C8} = {C63B0DBD-8B29-48A8-BA44-2A2E97A23301}
		{3CF02116-7E84-49B8-879B-33CEF694603E} = {F15D5C14-4A48-452D-94E2-86A39A1F8E44}
		{6B7CF9FB-8B3D-40A1-9B1F-F412FA0BADDB} = {3CF02116-7E84-49B8-879B-33CEF694603E}
		{199EB299-00E0-4573-BF1E-8C707C36D0CB} = {F15D5C14-4A48-452D-94E2-86A39A1F8E44}
		{5225400B-B7C1-4E32-A6D6-4D39D21220E7} = {199EB299-00E0-4573-BF1E-8C707C36D0CB}
		{C4EA5C96-0DBD-499E-B441-4E141C67D1C2} = {199EB299-00E0-4573-BF1E-8C707C36D0CB}
		{C49A71AA-6B49-4F24-9C87-3462F9F2039E} = {199EB299-00E0-4573-BF1E-8C707C36D0CB}
		{3B9E02F5-8725-4523-BAAE-B55DF8610C39} = {199EB299-00E0-4573-BF1E-8C707C36D0CB}
		{3217F84C-1FFE-412A-963F-9962B8EB5D21} = {199EB299-00E0-4573-BF1E-8C707C36D0CB}
	EndGlobalSection
	GlobalSection(ExtensibilityGlobals) = postSolution
		SolutionGuid = {44B92FBA-8355-420D-8A3A-B23ECB893EC1}
	EndGlobalSection
EndGlobal
